
Microsoft Visual Studio Solution File, Format Version 12.00
# Visual Studio Version 16
VisualStudioVersion = 16.0.31205.134
MinimumVisualStudioVersion = 10.0.40219.1
Project("{9A19103F-16F7-4668-BE54-9A1E7A4F7556}") = "Sts.Lib.Win", "Sts.Lib.Win\Sts.Lib.Win.csproj", "{6888C442-2B84-4265-A886-B07238D7936D}"
EndProject
Project("{2150E333-8FDC-42A3-9474-1A3956D46DE8}") = "Libs", "Libs", "{785ED425-E552-4A51-946B-A57EE585BA53}"
EndProject
Project("{9A19103F-16F7-4668-BE54-9A1E7A4F7556}") = "Sts.Lib", "..\..\Sts.Lib\Sources\Sts.Lib\Sts.Lib.csproj", "{A39CBD6C-B240-4248-9B6B-80A20FE5B4FC}"
EndProject
Project("{9A19103F-16F7-4668-BE54-9A1E7A4F7556}") = "Sts.Lib.Win.Data.Connections.SqlServer", "Sts.Lib.Win.Data.Connections.SqlServer\Sts.Lib.Win.Data.Connections.SqlServer.csproj", "{29331AD8-36B6-4523-8634-D6B294C60411}"
EndProject
Project("{9A19103F-16F7-4668-BE54-9A1E7A4F7556}") = "Sts.Lib.Data.Connections.SqlServer", "..\..\Sts.Lib\Sources\Sts.Lib.Data.Connections.SqlServer\Sts.Lib.Data.Connections.SqlServer.csproj", "{C71E34C5-CBE3-4EB4-AD30-CB96430CAF42}"
EndProject
Project("{9A19103F-16F7-4668-BE54-9A1E7A4F7556}") = "Sts.Lib.Data.Connections.Postgres", "..\..\Sts.Lib\Sources\Sts.Lib.Data.Connections.Postgres\Sts.Lib.Data.Connections.Postgres.csproj", "{B86D886A-98C4-4A10-940C-13BF89E51514}"
EndProject
Project("{9A19103F-16F7-4668-BE54-9A1E7A4F7556}") = "StsLib.Data.Connections.OleDB", "..\..\Sts.Lib\Sources\Sts.Lib.Data.Connections.OleDB\StsLib.Data.Connections.OleDB.csproj", "{FF9410BD-FB96-4259-8BB3-678C0135D91C}"
EndProject
Project("{9A19103F-16F7-4668-BE54-9A1E7A4F7556}") = "StsLib.Data.Connections.SqLite", "..\..\Sts.Lib\Sources\Sts.Lib.Data.Connections.SqLite\StsLib.Data.Connections.SqLite.csproj", "{9F9B7A90-8FC9-4E59-8736-21CF3F68CA18}"
EndProject
Project("{9A19103F-16F7-4668-BE54-9A1E7A4F7556}") = "StsLib.Data.Connections.Tests", "..\..\Sts.Lib\Sources\Sts.Lib.Data.Connections.Tests\StsLib.Data.Connections.Tests.csproj", "{D22548D6-E8F6-4DEC-9644-D77E64140301}"
EndProject
Project("{2150E333-8FDC-42A3-9474-1A3956D46DE8}") = "Data", "Data", "{C383900A-BE7C-45A8-A0C7-E180CE0B5A3A}"
EndProject
Project("{2150E333-8FDC-42A3-9474-1A3956D46DE8}") = "SqlServer", "SqlServer", "{9169CDF9-A8B6-47A7-BA5A-EE86D49F67A7}"
EndProject
Project("{2150E333-8FDC-42A3-9474-1A3956D46DE8}") = "Postgres", "Postgres", "{58FD2501-FBAC-44FC-90F0-19A88F56980D}"
EndProject
Project("{9A19103F-16F7-4668-BE54-9A1E7A4F7556}") = "Sts.Lib.Win.Data.Connections.Postgres", "Sts.Lib.Win.Data.Connections.Postgres\Sts.Lib.Win.Data.Connections.Postgres.csproj", "{A202E23A-29FD-4F17-A37C-F68BA916C09E}"
EndProject
Project("{2150E333-8FDC-42A3-9474-1A3956D46DE8}") = "SqLite", "SqLite", "{4E542638-5C14-4D21-B321-1AD99B6347B9}"
EndProject
Project("{9A19103F-16F7-4668-BE54-9A1E7A4F7556}") = "StsLibWin.Data.Connections.SqLite", "Sts.Lib.Win.Data.Connections.SqLite\StsLibWin.Data.Connections.SqLite.csproj", "{12678C5B-17DF-4B2B-8C28-F5D24E36AF6D}"
EndProject
Project("{2150E333-8FDC-42A3-9474-1A3956D46DE8}") = "Oracle", "Oracle", "{6D2B1D1C-7118-45A0-A5CD-CC4C58BD1090}"
EndProject
Project("{9A19103F-16F7-4668-BE54-9A1E7A4F7556}") = "StsLibWin.Data.Connections.Oracle", "Sts.Lib.Win.Data.Connections.Oracle\StsLibWin.Data.Connections.Oracle.csproj", "{550B1655-2074-42AF-A851-BBA062B5B1B2}"
EndProject
Project("{2150E333-8FDC-42A3-9474-1A3956D46DE8}") = "OleDB", "OleDB", "{0189E5D4-1FF3-4DAE-98FE-13F8D4523371}"
EndProject
Project("{9A19103F-16F7-4668-BE54-9A1E7A4F7556}") = "StsLibWin.Data.Connections.OleDB", "Sts.Lib.Win.Data.Connections.OleDB\StsLibWin.Data.Connections.OleDB.csproj", "{A7B257E8-301C-4D9B-A01D-37050F33814D}"
EndProject
Project("{FAE04EC0-301F-11D3-BF4B-00C04F79EFBC}") = "Sts.Lib.Win.Data.Connections.Test", "Sts.Lib.Win.Data.Connections.Test\Sts.Lib.Win.Data.Connections.Test.csproj", "{FCE3402F-1832-4912-A1AB-B0BD78CCAECA}"
EndProject
Global
	GlobalSection(SolutionConfigurationPlatforms) = preSolution
		Debug|Any CPU = Debug|Any CPU
		Release|Any CPU = Release|Any CPU
	EndGlobalSection
	GlobalSection(ProjectConfigurationPlatforms) = postSolution
		{6888C442-2B84-4265-A886-B07238D7936D}.Debug|Any CPU.ActiveCfg = Debug|Any CPU
		{6888C442-2B84-4265-A886-B07238D7936D}.Debug|Any CPU.Build.0 = Debug|Any CPU
		{6888C442-2B84-4265-A886-B07238D7936D}.Release|Any CPU.ActiveCfg = Release|Any CPU
		{6888C442-2B84-4265-A886-B07238D7936D}.Release|Any CPU.Build.0 = Release|Any CPU
		{A39CBD6C-B240-4248-9B6B-80A20FE5B4FC}.Debug|Any CPU.ActiveCfg = Debug|Any CPU
		{A39CBD6C-B240-4248-9B6B-80A20FE5B4FC}.Debug|Any CPU.Build.0 = Debug|Any CPU
		{A39CBD6C-B240-4248-9B6B-80A20FE5B4FC}.Release|Any CPU.ActiveCfg = Release|Any CPU
		{A39CBD6C-B240-4248-9B6B-80A20FE5B4FC}.Release|Any CPU.Build.0 = Release|Any CPU
		{29331AD8-36B6-4523-8634-D6B294C60411}.Debug|Any CPU.ActiveCfg = Debug|Any CPU
		{29331AD8-36B6-4523-8634-D6B294C60411}.Debug|Any CPU.Build.0 = Debug|Any CPU
		{29331AD8-36B6-4523-8634-D6B294C60411}.Release|Any CPU.ActiveCfg = Release|Any CPU
		{29331AD8-36B6-4523-8634-D6B294C60411}.Release|Any CPU.Build.0 = Release|Any CPU
		{C71E34C5-CBE3-4EB4-AD30-CB96430CAF42}.Debug|Any CPU.ActiveCfg = Debug|Any CPU
		{C71E34C5-CBE3-4EB4-AD30-CB96430CAF42}.Debug|Any CPU.Build.0 = Debug|Any CPU
		{C71E34C5-CBE3-4EB4-AD30-CB96430CAF42}.Release|Any CPU.ActiveCfg = Release|Any CPU
		{C71E34C5-CBE3-4EB4-AD30-CB96430CAF42}.Release|Any CPU.Build.0 = Release|Any CPU
		{B86D886A-98C4-4A10-940C-13BF89E51514}.Debug|Any CPU.ActiveCfg = Debug|Any CPU
		{B86D886A-98C4-4A10-940C-13BF89E51514}.Debug|Any CPU.Build.0 = Debug|Any CPU
		{B86D886A-98C4-4A10-940C-13BF89E51514}.Release|Any CPU.ActiveCfg = Release|Any CPU
		{B86D886A-98C4-4A10-940C-13BF89E51514}.Release|Any CPU.Build.0 = Release|Any CPU
		{FF9410BD-FB96-4259-8BB3-678C0135D91C}.Debug|Any CPU.ActiveCfg = Debug|Any CPU
		{FF9410BD-FB96-4259-8BB3-678C0135D91C}.Debug|Any CPU.Build.0 = Debug|Any CPU
		{FF9410BD-FB96-4259-8BB3-678C0135D91C}.Release|Any CPU.ActiveCfg = Release|Any CPU
		{FF9410BD-FB96-4259-8BB3-678C0135D91C}.Release|Any CPU.Build.0 = Release|Any CPU
		{9F9B7A90-8FC9-4E59-8736-21CF3F68CA18}.Debug|Any CPU.ActiveCfg = Debug|Any CPU
		{9F9B7A90-8FC9-4E59-8736-21CF3F68CA18}.Debug|Any CPU.Build.0 = Debug|Any CPU
		{9F9B7A90-8FC9-4E59-8736-21CF3F68CA18}.Release|Any CPU.ActiveCfg = Release|Any CPU
		{9F9B7A90-8FC9-4E59-8736-21CF3F68CA18}.Release|Any CPU.Build.0 = Release|Any CPU
		{D22548D6-E8F6-4DEC-9644-D77E64140301}.Debug|Any CPU.ActiveCfg = Debug|Any CPU
		{D22548D6-E8F6-4DEC-9644-D77E64140301}.Debug|Any CPU.Build.0 = Debug|Any CPU
		{D22548D6-E8F6-4DEC-9644-D77E64140301}.Release|Any CPU.ActiveCfg = Release|Any CPU
		{D22548D6-E8F6-4DEC-9644-D77E64140301}.Release|Any CPU.Build.0 = Release|Any CPU
		{A202E23A-29FD-4F17-A37C-F68BA916C09E}.Debug|Any CPU.ActiveCfg = Debug|Any CPU
		{A202E23A-29FD-4F17-A37C-F68BA916C09E}.Debug|Any CPU.Build.0 = Debug|Any CPU
		{A202E23A-29FD-4F17-A37C-F68BA916C09E}.Release|Any CPU.ActiveCfg = Release|Any CPU
		{A202E23A-29FD-4F17-A37C-F68BA916C09E}.Release|Any CPU.Build.0 = Release|Any CPU
		{12678C5B-17DF-4B2B-8C28-F5D24E36AF6D}.Debug|Any CPU.ActiveCfg = Debug|Any CPU
		{12678C5B-17DF-4B2B-8C28-F5D24E36AF6D}.Debug|Any CPU.Build.0 = Debug|Any CPU
		{12678C5B-17DF-4B2B-8C28-F5D24E36AF6D}.Release|Any CPU.ActiveCfg = Release|Any CPU
		{12678C5B-17DF-4B2B-8C28-F5D24E36AF6D}.Release|Any CPU.Build.0 = Release|Any CPU
		{550B1655-2074-42AF-A851-BBA062B5B1B2}.Debug|Any CPU.ActiveCfg = Debug|Any CPU
		{550B1655-2074-42AF-A851-BBA062B5B1B2}.Debug|Any CPU.Build.0 = Debug|Any CPU
		{550B1655-2074-42AF-A851-BBA062B5B1B2}.Release|Any CPU.ActiveCfg = Release|Any CPU
		{550B1655-2074-42AF-A851-BBA062B5B1B2}.Release|Any CPU.Build.0 = Release|Any CPU
		{A7B257E8-301C-4D9B-A01D-37050F33814D}.Debug|Any CPU.ActiveCfg = Debug|Any CPU
		{A7B257E8-301C-4D9B-A01D-37050F33814D}.Debug|Any CPU.Build.0 = Debug|Any CPU
		{A7B257E8-301C-4D9B-A01D-37050F33814D}.Release|Any CPU.ActiveCfg = Release|Any CPU
		{A7B257E8-301C-4D9B-A01D-37050F33814D}.Release|Any CPU.Build.0 = Release|Any CPU
		{FCE3402F-1832-4912-A1AB-B0BD78CCAECA}.Debug|Any CPU.ActiveCfg = Debug|Any CPU
		{FCE3402F-1832-4912-A1AB-B0BD78CCAECA}.Debug|Any CPU.Build.0 = Debug|Any CPU
		{FCE3402F-1832-4912-A1AB-B0BD78CCAECA}.Release|Any CPU.ActiveCfg = Release|Any CPU
		{FCE3402F-1832-4912-A1AB-B0BD78CCAECA}.Release|Any CPU.Build.0 = Release|Any CPU
	EndGlobalSection
	GlobalSection(SolutionProperties) = preSolution
		HideSolutionNode = FALSE
	EndGlobalSection
	GlobalSection(NestedProjects) = preSolution
		{A39CBD6C-B240-4248-9B6B-80A20FE5B4FC} = {785ED425-E552-4A51-946B-A57EE585BA53}
		{29331AD8-36B6-4523-8634-D6B294C60411} = {9169CDF9-A8B6-47A7-BA5A-EE86D49F67A7}
		{C71E34C5-CBE3-4EB4-AD30-CB96430CAF42} = {9169CDF9-A8B6-47A7-BA5A-EE86D49F67A7}
		{B86D886A-98C4-4A10-940C-13BF89E51514} = {58FD2501-FBAC-44FC-90F0-19A88F56980D}
		{FF9410BD-FB96-4259-8BB3-678C0135D91C} = {0189E5D4-1FF3-4DAE-98FE-13F8D4523371}
		{9F9B7A90-8FC9-4E59-8736-21CF3F68CA18} = {4E542638-5C14-4D21-B321-1AD99B6347B9}
		{D22548D6-E8F6-4DEC-9644-D77E64140301} = {C383900A-BE7C-45A8-A0C7-E180CE0B5A3A}
		{9169CDF9-A8B6-47A7-BA5A-EE86D49F67A7} = {C383900A-BE7C-45A8-A0C7-E180CE0B5A3A}
		{58FD2501-FBAC-44FC-90F0-19A88F56980D} = {C383900A-BE7C-45A8-A0C7-E180CE0B5A3A}
		{A202E23A-29FD-4F17-A37C-F68BA916C09E} = {58FD2501-FBAC-44FC-90F0-19A88F56980D}
		{4E542638-5C14-4D21-B321-1AD99B6347B9} = {C383900A-BE7C-45A8-A0C7-E180CE0B5A3A}
		{12678C5B-17DF-4B2B-8C28-F5D24E36AF6D} = {4E542638-5C14-4D21-B321-1AD99B6347B9}
		{6D2B1D1C-7118-45A0-A5CD-CC4C58BD1090} = {C383900A-BE7C-45A8-A0C7-E180CE0B5A3A}
		{550B1655-2074-42AF-A851-BBA062B5B1B2} = {6D2B1D1C-7118-45A0-A5CD-CC4C58BD1090}
		{0189E5D4-1FF3-4DAE-98FE-13F8D4523371} = {C383900A-BE7C-45A8-A0C7-E180CE0B5A3A}
		{A7B257E8-301C-4D9B-A01D-37050F33814D} = {0189E5D4-1FF3-4DAE-98FE-13F8D4523371}
		{FCE3402F-1832-4912-A1AB-B0BD78CCAECA} = {C383900A-BE7C-45A8-A0C7-E180CE0B5A3A}
	EndGlobalSection
	GlobalSection(ExtensibilityGlobals) = postSolution
		SolutionGuid = {F03DCC05-DEE5-4ABF-9B1B-39C52F8F026E}
	EndGlobalSection
EndGlobal
